
Microsoft Visual Studio Solution File, Format Version 12.00
# Visual Studio Version 17
VisualStudioVersion = 17.1.32407.343
MinimumVisualStudioVersion = 10.0.40219.1
Project("{9A19103F-16F7-4668-BE54-9A1E7A4F7556}") = "fa-ccdx-provider", "fa-ccdx-provider\fa-ccdx-provider.csproj", "{C6B29EA3-E3CF-45FE-9B05-EC6AF54D392B}"
	ProjectSection(ProjectDependencies) = postProject
		{23501119-A0EE-4766-91C5-4D8F26DF41DD} = {23501119-A0EE-4766-91C5-4D8F26DF41DD}
	EndProjectSection
EndProject
Project("{9A19103F-16F7-4668-BE54-9A1E7A4F7556}") = "fa-ccdx-consumer", "fa-ccdx-consumer\fa-ccdx-consumer.csproj", "{A20D4C44-0A8C-4326-B080-6987827E8B0A}"
EndProject
Project("{9A19103F-16F7-4668-BE54-9A1E7A4F7556}") = "lib-edi", "lib-edi\lib-edi.csproj", "{23501119-A0EE-4766-91C5-4D8F26DF41DD}"
EndProject
Project("{2150E333-8FDC-42A3-9474-1A3956D46DE8}") = "Functions", "Functions", "{9349330D-2771-4357-9C93-C161C31DC480}"
EndProject
Project("{2150E333-8FDC-42A3-9474-1A3956D46DE8}") = "Libraries", "Libraries", "{64CD169C-2DC2-4467-A6D7-6C485F4B5F8F}"
EndProject
Project("{2150E333-8FDC-42A3-9474-1A3956D46DE8}") = "Testing", "Testing", "{2F62B687-9F8C-4D48-8B7C-DD610E5459EE}"
EndProject
Project("{9A19103F-16F7-4668-BE54-9A1E7A4F7556}") = "console-generate-json-files", "console-generate-json-files\console-generate-json-files.csproj", "{261BD4FE-D94F-4481-8D56-FFAD06E1E9ED}"
EndProject
Project("{9A19103F-16F7-4668-BE54-9A1E7A4F7556}") = "fa-adf-transform", "fa-adf-transform-indigo-v2\fa-adf-transform.csproj", "{866B62A4-7D78-430F-8C83-A41DEB080D19}"
EndProject
Project("{2150E333-8FDC-42A3-9474-1A3956D46DE8}") = "Database", "Database", "{1D20F52A-98B4-4E3F-889C-DC63F8356BF1}"
EndProject
Project("{00D1A9C2-B5F0-4AF3-8072-F6C62B433612}") = "db-edi", "db-edi\db-edi.sqlproj", "{CD0EA6E2-B06D-45F5-AC42-AD9D6717E84A}"
EndProject
Project("{9A19103F-16F7-4668-BE54-9A1E7A4F7556}") = "fa-ccdx-provider-varo", "fa-ccdx-provider-varo\fa-ccdx-provider-varo.csproj", "{DD1AEA14-4C53-4AF1-B73A-797B4D2F48BE}"
EndProject
Project("{9A19103F-16F7-4668-BE54-9A1E7A4F7556}") = "fa-mail-compressor-varo", "fa-mail-compressor-varo\fa-mail-compressor-varo.csproj", "{7A3F2376-9B78-478C-9953-92E9F06BD739}"
EndProject
Project("{9A19103F-16F7-4668-BE54-9A1E7A4F7556}") = "fa-ccdx-consumer-varo", "fa-ccdx-consumer-varo\fa-ccdx-consumer-varo.csproj", "{11A92166-8691-40EA-A374-413EB0049D8E}"
	ProjectSection(ProjectDependencies) = postProject
		{7AB8BBDF-FCF2-404E-AEA3-E8890D902CFF} = {7AB8BBDF-FCF2-404E-AEA3-E8890D902CFF}
	EndProjectSection
EndProject
Project("{9A19103F-16F7-4668-BE54-9A1E7A4F7556}") = "fa-adf-transform-varo", "fa-adf-transform-varo\fa-adf-transform-varo.csproj", "{536FFE09-2BAD-4709-A284-EC7FE4F7ABF8}"
EndProject
Project("{9A19103F-16F7-4668-BE54-9A1E7A4F7556}") = "fa-maint", "fa-maint\fa-maint.csproj", "{228C2535-B095-4FCD-BF61-7EE819D3F22F}"
EndProject
Project("{2150E333-8FDC-42A3-9474-1A3956D46DE8}") = "Varo", "Varo", "{D7A1F5FE-12F5-4FD7-8391-3CDA91C2B357}"
EndProject
Project("{FAE04EC0-301F-11D3-BF4B-00C04F79EFBC}") = "lib-edi-in-process", "lib-edi-in-process\lib-edi-in-process.csproj", "{7AB8BBDF-FCF2-404E-AEA3-E8890D902CFF}"
EndProject
Global
	GlobalSection(SolutionConfigurationPlatforms) = preSolution
		Debug|Any CPU = Debug|Any CPU
		Release|Any CPU = Release|Any CPU
	EndGlobalSection
	GlobalSection(ProjectConfigurationPlatforms) = postSolution
		{C6B29EA3-E3CF-45FE-9B05-EC6AF54D392B}.Debug|Any CPU.ActiveCfg = Debug|Any CPU
		{C6B29EA3-E3CF-45FE-9B05-EC6AF54D392B}.Debug|Any CPU.Build.0 = Debug|Any CPU
		{C6B29EA3-E3CF-45FE-9B05-EC6AF54D392B}.Release|Any CPU.ActiveCfg = Release|Any CPU
		{C6B29EA3-E3CF-45FE-9B05-EC6AF54D392B}.Release|Any CPU.Build.0 = Release|Any CPU
		{A20D4C44-0A8C-4326-B080-6987827E8B0A}.Debug|Any CPU.ActiveCfg = Debug|Any CPU
		{A20D4C44-0A8C-4326-B080-6987827E8B0A}.Debug|Any CPU.Build.0 = Debug|Any CPU
		{A20D4C44-0A8C-4326-B080-6987827E8B0A}.Release|Any CPU.ActiveCfg = Release|Any CPU
		{A20D4C44-0A8C-4326-B080-6987827E8B0A}.Release|Any CPU.Build.0 = Release|Any CPU
		{23501119-A0EE-4766-91C5-4D8F26DF41DD}.Debug|Any CPU.ActiveCfg = Debug|Any CPU
		{23501119-A0EE-4766-91C5-4D8F26DF41DD}.Debug|Any CPU.Build.0 = Debug|Any CPU
		{23501119-A0EE-4766-91C5-4D8F26DF41DD}.Release|Any CPU.ActiveCfg = Release|Any CPU
		{23501119-A0EE-4766-91C5-4D8F26DF41DD}.Release|Any CPU.Build.0 = Release|Any CPU
		{261BD4FE-D94F-4481-8D56-FFAD06E1E9ED}.Debug|Any CPU.ActiveCfg = Debug|Any CPU
		{261BD4FE-D94F-4481-8D56-FFAD06E1E9ED}.Debug|Any CPU.Build.0 = Debug|Any CPU
		{261BD4FE-D94F-4481-8D56-FFAD06E1E9ED}.Release|Any CPU.ActiveCfg = Release|Any CPU
		{261BD4FE-D94F-4481-8D56-FFAD06E1E9ED}.Release|Any CPU.Build.0 = Release|Any CPU
		{866B62A4-7D78-430F-8C83-A41DEB080D19}.Debug|Any CPU.ActiveCfg = Debug|Any CPU
		{866B62A4-7D78-430F-8C83-A41DEB080D19}.Debug|Any CPU.Build.0 = Debug|Any CPU
		{866B62A4-7D78-430F-8C83-A41DEB080D19}.Release|Any CPU.ActiveCfg = Release|Any CPU
		{866B62A4-7D78-430F-8C83-A41DEB080D19}.Release|Any CPU.Build.0 = Release|Any CPU
		{CD0EA6E2-B06D-45F5-AC42-AD9D6717E84A}.Debug|Any CPU.ActiveCfg = Debug|Any CPU
		{CD0EA6E2-B06D-45F5-AC42-AD9D6717E84A}.Debug|Any CPU.Build.0 = Debug|Any CPU
		{CD0EA6E2-B06D-45F5-AC42-AD9D6717E84A}.Debug|Any CPU.Deploy.0 = Debug|Any CPU
		{CD0EA6E2-B06D-45F5-AC42-AD9D6717E84A}.Release|Any CPU.ActiveCfg = Release|Any CPU
		{CD0EA6E2-B06D-45F5-AC42-AD9D6717E84A}.Release|Any CPU.Build.0 = Release|Any CPU
		{CD0EA6E2-B06D-45F5-AC42-AD9D6717E84A}.Release|Any CPU.Deploy.0 = Release|Any CPU
		{DD1AEA14-4C53-4AF1-B73A-797B4D2F48BE}.Debug|Any CPU.ActiveCfg = Debug|Any CPU
		{DD1AEA14-4C53-4AF1-B73A-797B4D2F48BE}.Debug|Any CPU.Build.0 = Debug|Any CPU
		{DD1AEA14-4C53-4AF1-B73A-797B4D2F48BE}.Release|Any CPU.ActiveCfg = Release|Any CPU
		{DD1AEA14-4C53-4AF1-B73A-797B4D2F48BE}.Release|Any CPU.Build.0 = Release|Any CPU
		{7A3F2376-9B78-478C-9953-92E9F06BD739}.Debug|Any CPU.ActiveCfg = Debug|Any CPU
		{7A3F2376-9B78-478C-9953-92E9F06BD739}.Debug|Any CPU.Build.0 = Debug|Any CPU
		{7A3F2376-9B78-478C-9953-92E9F06BD739}.Release|Any CPU.ActiveCfg = Release|Any CPU
		{7A3F2376-9B78-478C-9953-92E9F06BD739}.Release|Any CPU.Build.0 = Release|Any CPU
		{11A92166-8691-40EA-A374-413EB0049D8E}.Debug|Any CPU.ActiveCfg = Debug|Any CPU
		{11A92166-8691-40EA-A374-413EB0049D8E}.Debug|Any CPU.Build.0 = Debug|Any CPU
		{11A92166-8691-40EA-A374-413EB0049D8E}.Release|Any CPU.ActiveCfg = Release|Any CPU
		{11A92166-8691-40EA-A374-413EB0049D8E}.Release|Any CPU.Build.0 = Release|Any CPU
		{536FFE09-2BAD-4709-A284-EC7FE4F7ABF8}.Debug|Any CPU.ActiveCfg = Debug|Any CPU
		{536FFE09-2BAD-4709-A284-EC7FE4F7ABF8}.Debug|Any CPU.Build.0 = Debug|Any CPU
		{536FFE09-2BAD-4709-A284-EC7FE4F7ABF8}.Release|Any CPU.ActiveCfg = Release|Any CPU
		{536FFE09-2BAD-4709-A284-EC7FE4F7ABF8}.Release|Any CPU.Build.0 = Release|Any CPU
		{228C2535-B095-4FCD-BF61-7EE819D3F22F}.Debug|Any CPU.ActiveCfg = Debug|Any CPU
		{228C2535-B095-4FCD-BF61-7EE819D3F22F}.Debug|Any CPU.Build.0 = Debug|Any CPU
		{228C2535-B095-4FCD-BF61-7EE819D3F22F}.Release|Any CPU.ActiveCfg = Release|Any CPU
		{228C2535-B095-4FCD-BF61-7EE819D3F22F}.Release|Any CPU.Build.0 = Release|Any CPU
		{7AB8BBDF-FCF2-404E-AEA3-E8890D902CFF}.Debug|Any CPU.ActiveCfg = Debug|Any CPU
		{7AB8BBDF-FCF2-404E-AEA3-E8890D902CFF}.Debug|Any CPU.Build.0 = Debug|Any CPU
		{7AB8BBDF-FCF2-404E-AEA3-E8890D902CFF}.Release|Any CPU.ActiveCfg = Release|Any CPU
		{7AB8BBDF-FCF2-404E-AEA3-E8890D902CFF}.Release|Any CPU.Build.0 = Release|Any CPU
	EndGlobalSection
	GlobalSection(SolutionProperties) = preSolution
		HideSolutionNode = FALSE
	EndGlobalSection
	GlobalSection(NestedProjects) = preSolution
		{C6B29EA3-E3CF-45FE-9B05-EC6AF54D392B} = {9349330D-2771-4357-9C93-C161C31DC480}
		{A20D4C44-0A8C-4326-B080-6987827E8B0A} = {9349330D-2771-4357-9C93-C161C31DC480}
		{23501119-A0EE-4766-91C5-4D8F26DF41DD} = {64CD169C-2DC2-4467-A6D7-6C485F4B5F8F}
		{261BD4FE-D94F-4481-8D56-FFAD06E1E9ED} = {2F62B687-9F8C-4D48-8B7C-DD610E5459EE}
		{866B62A4-7D78-430F-8C83-A41DEB080D19} = {9349330D-2771-4357-9C93-C161C31DC480}
		{CD0EA6E2-B06D-45F5-AC42-AD9D6717E84A} = {1D20F52A-98B4-4E3F-889C-DC63F8356BF1}
		{DD1AEA14-4C53-4AF1-B73A-797B4D2F48BE} = {D7A1F5FE-12F5-4FD7-8391-3CDA91C2B357}
		{7A3F2376-9B78-478C-9953-92E9F06BD739} = {D7A1F5FE-12F5-4FD7-8391-3CDA91C2B357}
		{11A92166-8691-40EA-A374-413EB0049D8E} = {D7A1F5FE-12F5-4FD7-8391-3CDA91C2B357}
		{536FFE09-2BAD-4709-A284-EC7FE4F7ABF8} = {D7A1F5FE-12F5-4FD7-8391-3CDA91C2B357}
		{228C2535-B095-4FCD-BF61-7EE819D3F22F} = {9349330D-2771-4357-9C93-C161C31DC480}
		{D7A1F5FE-12F5-4FD7-8391-3CDA91C2B357} = {9349330D-2771-4357-9C93-C161C31DC480}
		{7AB8BBDF-FCF2-404E-AEA3-E8890D902CFF} = {64CD169C-2DC2-4467-A6D7-6C485F4B5F8F}
	EndGlobalSection
	GlobalSection(ExtensibilityGlobals) = postSolution
		SolutionGuid = {48FE592C-9504-419F-8FC2-6D997B1FCAAA}
	EndGlobalSection
EndGlobal
