
Microsoft Visual Studio Solution File, Format Version 12.00
# Visual Studio Version 16
VisualStudioVersion = 16.0.31025.194
MinimumVisualStudioVersion = 10.0.40219.1
Project("{9A19103F-16F7-4668-BE54-9A1E7A4F7556}") = "fa-ccdx-provider", "fa-ccdx-provider\fa-ccdx-provider.csproj", "{C6B29EA3-E3CF-45FE-9B05-EC6AF54D392B}"
EndProject
Project("{9A19103F-16F7-4668-BE54-9A1E7A4F7556}") = "fa-ccdx-consumer", "fa-ccdx-consumer\fa-ccdx-consumer.csproj", "{A20D4C44-0A8C-4326-B080-6987827E8B0A}"
EndProject
Project("{9A19103F-16F7-4668-BE54-9A1E7A4F7556}") = "fa-adf-transform-usbdg", "fa-adf-transform-usbdg\fa-adf-transform-usbdg.csproj", "{4182F850-8954-46F9-B3C3-FDF87F58739A}"
EndProject
Project("{9A19103F-16F7-4668-BE54-9A1E7A4F7556}") = "fa-adf-transform-cfd50", "fa-adf-transform-cfd50\fa-adf-transform-cfd50.csproj", "{5C34B1BD-BF57-4ABF-AE22-474EF1FC6576}"
EndProject
Project("{FAE04EC0-301F-11D3-BF4B-00C04F79EFBC}") = "lib-edi", "lib-edi\lib-edi.csproj", "{23501119-A0EE-4766-91C5-4D8F26DF41DD}"
EndProject
Project("{FAE04EC0-301F-11D3-BF4B-00C04F79EFBC}") = "fa-adf-transform-indigo", "fa-adf-transform-indigo\fa-adf-transform-indigo.csproj", "{62AFAA9A-FC21-4AB6-AEAF-ECD79BBB4B57}"
EndProject
Global
	GlobalSection(SolutionConfigurationPlatforms) = preSolution
		Debug|Any CPU = Debug|Any CPU
		Release|Any CPU = Release|Any CPU
	EndGlobalSection
	GlobalSection(ProjectConfigurationPlatforms) = postSolution
		{C6B29EA3-E3CF-45FE-9B05-EC6AF54D392B}.Debug|Any CPU.ActiveCfg = Debug|Any CPU
		{C6B29EA3-E3CF-45FE-9B05-EC6AF54D392B}.Debug|Any CPU.Build.0 = Debug|Any CPU
		{C6B29EA3-E3CF-45FE-9B05-EC6AF54D392B}.Release|Any CPU.ActiveCfg = Release|Any CPU
		{C6B29EA3-E3CF-45FE-9B05-EC6AF54D392B}.Release|Any CPU.Build.0 = Release|Any CPU
		{A20D4C44-0A8C-4326-B080-6987827E8B0A}.Debug|Any CPU.ActiveCfg = Debug|Any CPU
		{A20D4C44-0A8C-4326-B080-6987827E8B0A}.Debug|Any CPU.Build.0 = Debug|Any CPU
		{A20D4C44-0A8C-4326-B080-6987827E8B0A}.Release|Any CPU.ActiveCfg = Release|Any CPU
		{A20D4C44-0A8C-4326-B080-6987827E8B0A}.Release|Any CPU.Build.0 = Release|Any CPU
		{4182F850-8954-46F9-B3C3-FDF87F58739A}.Debug|Any CPU.ActiveCfg = Debug|Any CPU
		{4182F850-8954-46F9-B3C3-FDF87F58739A}.Debug|Any CPU.Build.0 = Debug|Any CPU
		{4182F850-8954-46F9-B3C3-FDF87F58739A}.Release|Any CPU.ActiveCfg = Release|Any CPU
		{4182F850-8954-46F9-B3C3-FDF87F58739A}.Release|Any CPU.Build.0 = Release|Any CPU
		{5C34B1BD-BF57-4ABF-AE22-474EF1FC6576}.Debug|Any CPU.ActiveCfg = Debug|Any CPU
		{5C34B1BD-BF57-4ABF-AE22-474EF1FC6576}.Debug|Any CPU.Build.0 = Debug|Any CPU
		{5C34B1BD-BF57-4ABF-AE22-474EF1FC6576}.Release|Any CPU.ActiveCfg = Release|Any CPU
		{5C34B1BD-BF57-4ABF-AE22-474EF1FC6576}.Release|Any CPU.Build.0 = Release|Any CPU
		{23501119-A0EE-4766-91C5-4D8F26DF41DD}.Debug|Any CPU.ActiveCfg = Debug|Any CPU
		{23501119-A0EE-4766-91C5-4D8F26DF41DD}.Debug|Any CPU.Build.0 = Debug|Any CPU
		{23501119-A0EE-4766-91C5-4D8F26DF41DD}.Release|Any CPU.ActiveCfg = Release|Any CPU
		{23501119-A0EE-4766-91C5-4D8F26DF41DD}.Release|Any CPU.Build.0 = Release|Any CPU
		{62AFAA9A-FC21-4AB6-AEAF-ECD79BBB4B57}.Debug|Any CPU.ActiveCfg = Debug|Any CPU
		{62AFAA9A-FC21-4AB6-AEAF-ECD79BBB4B57}.Debug|Any CPU.Build.0 = Debug|Any CPU
		{62AFAA9A-FC21-4AB6-AEAF-ECD79BBB4B57}.Release|Any CPU.ActiveCfg = Release|Any CPU
		{62AFAA9A-FC21-4AB6-AEAF-ECD79BBB4B57}.Release|Any CPU.Build.0 = Release|Any CPU
	EndGlobalSection
	GlobalSection(SolutionProperties) = preSolution
		HideSolutionNode = FALSE
	EndGlobalSection
	GlobalSection(ExtensibilityGlobals) = postSolution
		SolutionGuid = {48FE592C-9504-419F-8FC2-6D997B1FCAAA}
	EndGlobalSection
EndGlobal
